
Microsoft Visual Studio Solution File, Format Version 12.00
# Visual Studio Version 16
VisualStudioVersion = 16.0.32510.428
MinimumVisualStudioVersion = 10.0.40219.1
Project("{888888A0-9F3D-457C-B088-3A5042F75D52}") = "covid19", "covid19\covid19.pyproj", "{E6ABB219-BD01-44E0-AF87-567084C25E26}"
EndProject
Global
	GlobalSection(SolutionConfigurationPlatforms) = preSolution
		Debug|Any CPU = Debug|Any CPU
		Release|Any CPU = Release|Any CPU
	EndGlobalSection
	GlobalSection(ProjectConfigurationPlatforms) = postSolution
		{E6ABB219-BD01-44E0-AF87-567084C25E26}.Debug|Any CPU.ActiveCfg = Debug|Any CPU
		{E6ABB219-BD01-44E0-AF87-567084C25E26}.Release|Any CPU.ActiveCfg = Release|Any CPU
	EndGlobalSection
	GlobalSection(SolutionProperties) = preSolution
		HideSolutionNode = FALSE
	EndGlobalSection
	GlobalSection(ExtensibilityGlobals) = postSolution
		SolutionGuid = {57A26D36-8AA7-44E0-BE1D-380857B132DA}
	EndGlobalSection
EndGlobal
